
Microsoft Visual Studio Solution File, Format Version 12.00
# Visual Studio Version 17
VisualStudioVersion = 17.5.002.0
MinimumVisualStudioVersion = 10.0.40219.1
Project("{9A19103F-16F7-4668-BE54-9A1E7A4F7556}") = "DIO", "DIO.csproj", "{FA40DE56-96EC-4432-8602-9A1B4E5956D7}"
EndProject
Global
	GlobalSection(SolutionConfigurationPlatforms) = preSolution
		Debug|Any CPU = Debug|Any CPU
		Release|Any CPU = Release|Any CPU
	EndGlobalSection
	GlobalSection(ProjectConfigurationPlatforms) = postSolution
		{FA40DE56-96EC-4432-8602-9A1B4E5956D7}.Debug|Any CPU.ActiveCfg = Debug|Any CPU
		{FA40DE56-96EC-4432-8602-9A1B4E5956D7}.Debug|Any CPU.Build.0 = Debug|Any CPU
		{FA40DE56-96EC-4432-8602-9A1B4E5956D7}.Release|Any CPU.ActiveCfg = Release|Any CPU
		{FA40DE56-96EC-4432-8602-9A1B4E5956D7}.Release|Any CPU.Build.0 = Release|Any CPU
	EndGlobalSection
	GlobalSection(SolutionProperties) = preSolution
		HideSolutionNode = FALSE
	EndGlobalSection
	GlobalSection(ExtensibilityGlobals) = postSolution
		SolutionGuid = {0E077E9E-8EBB-4C6D-B405-4912FAC35EC9}
	EndGlobalSection
EndGlobal
